
Microsoft Visual Studio Solution File, Format Version 12.00
# Visual Studio 14
VisualStudioVersion = 14.0.25420.1
MinimumVisualStudioVersion = 10.0.40219.1
Project("{2150E333-8FDC-42A3-9474-1A3956D46DE8}") = "src", "src", "{4F990E20-1016-47B1-9FAC-699222945596}"
EndProject
Project("{2150E333-8FDC-42A3-9474-1A3956D46DE8}") = "Solution Items", "Solution Items", "{F99823A8-4662-4B57-8E10-9248A340949F}"
	ProjectSection(SolutionItems) = preProject
		global.json = global.json
	EndProjectSection
EndProject
Project("{8BB2217D-0F2D-49D1-97BC-3654ED321F3B}") = "SocketAPM", "src\SocketAPM\SocketAPM.xproj", "{B4B62B15-BE5D-4C45-8383-2C458006A37B}"
EndProject
Global
	GlobalSection(SolutionConfigurationPlatforms) = preSolution
		Debug|Any CPU = Debug|Any CPU
		Release|Any CPU = Release|Any CPU
	EndGlobalSection
	GlobalSection(ProjectConfigurationPlatforms) = postSolution
		{B4B62B15-BE5D-4C45-8383-2C458006A37B}.Debug|Any CPU.ActiveCfg = Debug|Any CPU
		{B4B62B15-BE5D-4C45-8383-2C458006A37B}.Debug|Any CPU.Build.0 = Debug|Any CPU
		{B4B62B15-BE5D-4C45-8383-2C458006A37B}.Release|Any CPU.ActiveCfg = Release|Any CPU
		{B4B62B15-BE5D-4C45-8383-2C458006A37B}.Release|Any CPU.Build.0 = Release|Any CPU
	EndGlobalSection
	GlobalSection(SolutionProperties) = preSolution
		HideSolutionNode = FALSE
	EndGlobalSection
	GlobalSection(NestedProjects) = preSolution
		{B4B62B15-BE5D-4C45-8383-2C458006A37B} = {4F990E20-1016-47B1-9FAC-699222945596}
	EndGlobalSection
EndGlobal
