
Microsoft Visual Studio Solution File, Format Version 12.00
# Visual Studio 14
VisualStudioVersion = 14.0.25420.1
MinimumVisualStudioVersion = 10.0.40219.1
Project("{2150E333-8FDC-42A3-9474-1A3956D46DE8}") = "src", "src", "{A8E92B81-CC89-4F9A-A0EF-6A158271351D}"
EndProject
Project("{2150E333-8FDC-42A3-9474-1A3956D46DE8}") = "Solution Items", "Solution Items", "{F5745CC8-270C-4D8C-A878-95BF56EA4FA0}"
	ProjectSection(SolutionItems) = preProject
		global.json = global.json
	EndProjectSection
EndProject
Project("{8BB2217D-0F2D-49D1-97BC-3654ED321F3B}") = "SocketEventTask", "src\SocketEventTask\SocketEventTask.xproj", "{16B3B32F-329E-4831-B3B7-E596B14B0C19}"
EndProject
Global
	GlobalSection(SolutionConfigurationPlatforms) = preSolution
		Debug|Any CPU = Debug|Any CPU
		Release|Any CPU = Release|Any CPU
	EndGlobalSection
	GlobalSection(ProjectConfigurationPlatforms) = postSolution
		{16B3B32F-329E-4831-B3B7-E596B14B0C19}.Debug|Any CPU.ActiveCfg = Debug|Any CPU
		{16B3B32F-329E-4831-B3B7-E596B14B0C19}.Debug|Any CPU.Build.0 = Debug|Any CPU
		{16B3B32F-329E-4831-B3B7-E596B14B0C19}.Release|Any CPU.ActiveCfg = Release|Any CPU
		{16B3B32F-329E-4831-B3B7-E596B14B0C19}.Release|Any CPU.Build.0 = Release|Any CPU
	EndGlobalSection
	GlobalSection(SolutionProperties) = preSolution
		HideSolutionNode = FALSE
	EndGlobalSection
	GlobalSection(NestedProjects) = preSolution
		{16B3B32F-329E-4831-B3B7-E596B14B0C19} = {A8E92B81-CC89-4F9A-A0EF-6A158271351D}
	EndGlobalSection
EndGlobal
